
Microsoft Visual Studio Solution File, Format Version 12.00
# Visual Studio Version 18
VisualStudioVersion = 18.3.11505.172
MinimumVisualStudioVersion = 10.0.40219.1
Project("{FAE04EC0-301F-11D3-BF4B-00C04F79EFBC}") = "KrayonCore", "KryonCore\KrayonCore.csproj", "{81BD6ED2-29EF-B18F-C3BE-A0E5945DBD05}"
EndProject
Project("{FAE04EC0-301F-11D3-BF4B-00C04F79EFBC}") = "KrayonEditor", "KrayonEditor\KrayonEditor.csproj", "{6A5EFC67-1C20-4639-8126-8840A59A3E5A}"
EndProject
Project("{FAE04EC0-301F-11D3-BF4B-00C04F79EFBC}") = "KrayonCompiler", "KrayonCompiler\KrayonCompiler.csproj", "{36CE4F4D-08DE-4D4A-954C-14B26CEF05C8}"
EndProject
Project("{FAE04EC0-301F-11D3-BF4B-00C04F79EFBC}") = "KrayonGame", "KrayonWindowsGame\KrayonGame.csproj", "{12088222-F3E0-4630-A7C8-F6FA6071AF5E}"
EndProject
Global
	GlobalSection(SolutionConfigurationPlatforms) = preSolution
		Debug|Any CPU = Debug|Any CPU
		Release|Any CPU = Release|Any CPU
	EndGlobalSection
	GlobalSection(ProjectConfigurationPlatforms) = postSolution
		{81BD6ED2-29EF-B18F-C3BE-A0E5945DBD05}.Debug|Any CPU.ActiveCfg = Debug|Any CPU
		{81BD6ED2-29EF-B18F-C3BE-A0E5945DBD05}.Debug|Any CPU.Build.0 = Debug|Any CPU
		{81BD6ED2-29EF-B18F-C3BE-A0E5945DBD05}.Release|Any CPU.ActiveCfg = Release|Any CPU
		{81BD6ED2-29EF-B18F-C3BE-A0E5945DBD05}.Release|Any CPU.Build.0 = Release|Any CPU
		{6A5EFC67-1C20-4639-8126-8840A59A3E5A}.Debug|Any CPU.ActiveCfg = Debug|Any CPU
		{6A5EFC67-1C20-4639-8126-8840A59A3E5A}.Debug|Any CPU.Build.0 = Debug|Any CPU
		{6A5EFC67-1C20-4639-8126-8840A59A3E5A}.Release|Any CPU.ActiveCfg = Release|Any CPU
		{6A5EFC67-1C20-4639-8126-8840A59A3E5A}.Release|Any CPU.Build.0 = Release|Any CPU
		{36CE4F4D-08DE-4D4A-954C-14B26CEF05C8}.Debug|Any CPU.ActiveCfg = Debug|Any CPU
		{36CE4F4D-08DE-4D4A-954C-14B26CEF05C8}.Debug|Any CPU.Build.0 = Debug|Any CPU
		{36CE4F4D-08DE-4D4A-954C-14B26CEF05C8}.Release|Any CPU.ActiveCfg = Release|Any CPU
		{36CE4F4D-08DE-4D4A-954C-14B26CEF05C8}.Release|Any CPU.Build.0 = Release|Any CPU
		{12088222-F3E0-4630-A7C8-F6FA6071AF5E}.Debug|Any CPU.ActiveCfg = Debug|Any CPU
		{12088222-F3E0-4630-A7C8-F6FA6071AF5E}.Debug|Any CPU.Build.0 = Debug|Any CPU
		{12088222-F3E0-4630-A7C8-F6FA6071AF5E}.Release|Any CPU.ActiveCfg = Release|Any CPU
		{12088222-F3E0-4630-A7C8-F6FA6071AF5E}.Release|Any CPU.Build.0 = Release|Any CPU
	EndGlobalSection
	GlobalSection(SolutionProperties) = preSolution
		HideSolutionNode = FALSE
	EndGlobalSection
	GlobalSection(ExtensibilityGlobals) = postSolution
		SolutionGuid = {1AC26A95-CADD-4F80-B8C1-BF1C31A50ED9}
	EndGlobalSection
EndGlobal
